# Windows x64 / CPython 3.12 packaging environment for Scan To Excel 0.1.
# Recreate in a clean virtual environment before every release build.
altgraph==0.17.5
annotated-doc==0.0.5
annotated-types==0.8.0
anyio==4.12.1
cachetools==7.1.7
click==8.4.2
colorama==0.4.6
et_xmlfile==2.0.0
fastapi==0.141.1
greenlet==3.5.4
h11==0.16.0
idna==3.11
iniconfig==2.3.0
numpy==2.3.5
openpyxl==3.1.5
packaging==26.3
pandas==3.0.5
pefile==2024.8.26
pluggy==1.6.0
psycopg==3.3.4
psycopg-binary==3.3.4
pydantic==2.13.4
pydantic_core==2.46.4
Pygments==2.20.0
pyinstaller==6.21.0
pyinstaller-hooks-contrib==2026.6
PyJWT==2.13.0
pytest==9.1.1
pytest-mock==3.15.1
python-dateutil==2.9.0.post0
python-dotenv==1.2.2
python-multipart==0.0.32
pywin32-ctypes==0.2.3
redis==8.0.0
setuptools==80.9.0
six==1.17.0
SQLAlchemy==2.0.51
starlette==1.4.1
typing_extensions==4.16.0
typing-inspection==0.4.2
tzdata==2026.3
uvicorn==0.52.1
